// !$*UTF8*$!
{
	archiveVersion = 1;
	classes = {
	};
	objectVersion = 46;
	objects = {

/* Begin PBXBuildFile section */
		0E9E7CF44B2FAC9667513636 /* libPods.a in Frameworks */ = {isa = PBXBuildFile; fileRef = 177D12BE652A285B1BDD4D47 /* libPods.a */; };
		3025A98F1CCE3F2E00C5EAAB /* GroupPurchaseViewController.m in Sources */ = {isa = PBXBuildFile; fileRef = 3025A98D1CCE3F2E00C5EAAB /* GroupPurchaseViewController.m */; };
		3025A9901CCE3F2E00C5EAAB /* GroupPurchaseViewController.xib in Resources */ = {isa = PBXBuildFile; fileRef = 3025A98E1CCE3F2E00C5EAAB /* GroupPurchaseViewController.xib */; };
		3025A9941CCE3FD700C5EAAB /* PackageViewController.m in Sources */ = {isa = PBXBuildFile; fileRef = 3025A9921CCE3FD700C5EAAB /* PackageViewController.m */; };
		3025A9951CCE3FD700C5EAAB /* PackageViewController.xib in Resources */ = {isa = PBXBuildFile; fileRef = 3025A9931CCE3FD700C5EAAB /* PackageViewController.xib */; };
		3025A9991CCE40D800C5EAAB /* PackageCell.m in Sources */ = {isa = PBXBuildFile; fileRef = 3025A9971CCE40D800C5EAAB /* PackageCell.m */; };
		3025A99A1CCE40D800C5EAAB /* PackageCell.xib in Resources */ = {isa = PBXBuildFile; fileRef = 3025A9981CCE40D800C5EAAB /* PackageCell.xib */; };
		303519441CCF0B0500EE0750 /* MoneyCell.m in Sources */ = {isa = PBXBuildFile; fileRef = 303519421CCF0B0500EE0750 /* MoneyCell.m */; };
		303519451CCF0B0500EE0750 /* MoneyCell.xib in Resources */ = {isa = PBXBuildFile; fileRef = 303519431CCF0B0500EE0750 /* MoneyCell.xib */; };
		303519491CCF0D3000EE0750 /* MoneyCardViewController.m in Sources */ = {isa = PBXBuildFile; fileRef = 303519471CCF0D3000EE0750 /* MoneyCardViewController.m */; };
		3035194A1CCF0D3000EE0750 /* MoneyCardViewController.xib in Resources */ = {isa = PBXBuildFile; fileRef = 303519481CCF0D3000EE0750 /* MoneyCardViewController.xib */; };
		3086D3981CC72975007494D7 /* UIButton+LCAlignment.m in Sources */ = {isa = PBXBuildFile; fileRef = 3086D3931CC72975007494D7 /* UIButton+LCAlignment.m */; };
		3086D3991CC72975007494D7 /* UIColor+LCHexValue.m in Sources */ = {isa = PBXBuildFile; fileRef = 3086D3951CC72975007494D7 /* UIColor+LCHexValue.m */; };
		3086D39A1CC72975007494D7 /* UILabel+LCConvenience.m in Sources */ = {isa = PBXBuildFile; fileRef = 3086D3971CC72975007494D7 /* UILabel+LCConvenience.m */; };
		3086D39D1CC7298B007494D7 /* JZMTBtnView.m in Sources */ = {isa = PBXBuildFile; fileRef = 3086D39C1CC7298B007494D7 /* JZMTBtnView.m */; };
		3086D3A41CC729A9007494D7 /* GMTextField.m in Sources */ = {isa = PBXBuildFile; fileRef = 3086D3A01CC729A9007494D7 /* GMTextField.m */; };
		3086D3A51CC729A9007494D7 /* WXTextField.m in Sources */ = {isa = PBXBuildFile; fileRef = 3086D3A21CC729A9007494D7 /* WXTextField.m */; };
		3086D3A61CC729A9007494D7 /* WXTextField.xib in Resources */ = {isa = PBXBuildFile; fileRef = 3086D3A31CC729A9007494D7 /* WXTextField.xib */; };
		3086D3AC1CC729EA007494D7 /* menuData.plist in Resources */ = {isa = PBXBuildFile; fileRef = 3086D3AB1CC729EA007494D7 /* menuData.plist */; };
		3086D3B41CC72A09007494D7 /* GMButton.m in Sources */ = {isa = PBXBuildFile; fileRef = 3086D3AF1CC72A09007494D7 /* GMButton.m */; };
		3086D3B51CC72A09007494D7 /* GMLabel.m in Sources */ = {isa = PBXBuildFile; fileRef = 3086D3B11CC72A09007494D7 /* GMLabel.m */; };
		3086D3B61CC72A09007494D7 /* GMXTextField.m in Sources */ = {isa = PBXBuildFile; fileRef = 3086D3B31CC72A09007494D7 /* GMXTextField.m */; };
		3086D3BA1CC72A1E007494D7 /* GMRegisterViewController.m in Sources */ = {isa = PBXBuildFile; fileRef = 3086D3B81CC72A1E007494D7 /* GMRegisterViewController.m */; };
		3086D3BB1CC72A1E007494D7 /* GMRegisterViewController.xib in Resources */ = {isa = PBXBuildFile; fileRef = 3086D3B91CC72A1E007494D7 /* GMRegisterViewController.xib */; };
		3086D3C01CC72A8C007494D7 /* GMLoginViewController.m in Sources */ = {isa = PBXBuildFile; fileRef = 3086D3BE1CC72A8C007494D7 /* GMLoginViewController.m */; };
		3086D3C11CC72A8C007494D7 /* GMLoginViewController.xib in Resources */ = {isa = PBXBuildFile; fileRef = 3086D3BF1CC72A8C007494D7 /* GMLoginViewController.xib */; };
		3086D3D01CC72ABC007494D7 /* HomePageViewController.m in Sources */ = {isa = PBXBuildFile; fileRef = 3086D3C41CC72ABC007494D7 /* HomePageViewController.m */; };
		3086D3D11CC72ABC007494D7 /* HomeMenuCell.m in Sources */ = {isa = PBXBuildFile; fileRef = 3086D3C61CC72ABC007494D7 /* HomeMenuCell.m */; };
		3086D3D21CC72ABC007494D7 /* HomeNewsCell.m in Sources */ = {isa = PBXBuildFile; fileRef = 3086D3C81CC72ABC007494D7 /* HomeNewsCell.m */; };
		3086D3D31CC72ABC007494D7 /* HomeNewsCell.xib in Resources */ = {isa = PBXBuildFile; fileRef = 3086D3C91CC72ABC007494D7 /* HomeNewsCell.xib */; };
		3086D3D41CC72ABC007494D7 /* HomeIntroduceCell.m in Sources */ = {isa = PBXBuildFile; fileRef = 3086D3CB1CC72ABC007494D7 /* HomeIntroduceCell.m */; };
		3086D3D51CC72ABC007494D7 /* HomeIntroduceCell.xib in Resources */ = {isa = PBXBuildFile; fileRef = 3086D3CC1CC72ABC007494D7 /* HomeIntroduceCell.xib */; };
		3086D3D61CC72ABC007494D7 /* HomeCategoryCell.m in Sources */ = {isa = PBXBuildFile; fileRef = 3086D3CE1CC72ABC007494D7 /* HomeCategoryCell.m */; };
		3086D3D71CC72ABC007494D7 /* HomeCategoryCell.xib in Resources */ = {isa = PBXBuildFile; fileRef = 3086D3CF1CC72ABC007494D7 /* HomeCategoryCell.xib */; };
		3086D3DF1CC72B19007494D7 /* Main.storyboard in Resources */ = {isa = PBXBuildFile; fileRef = 3086D3D91CC72B19007494D7 /* Main.storyboard */; };
		3086D3E01CC72B19007494D7 /* Home.storyboard in Resources */ = {isa = PBXBuildFile; fileRef = 3086D3DA1CC72B19007494D7 /* Home.storyboard */; };
		3086D3E11CC72B19007494D7 /* Buy.storyboard in Resources */ = {isa = PBXBuildFile; fileRef = 3086D3DB1CC72B19007494D7 /* Buy.storyboard */; };
		3086D3E21CC72B19007494D7 /* Category.storyboard in Resources */ = {isa = PBXBuildFile; fileRef = 3086D3DC1CC72B19007494D7 /* Category.storyboard */; };
		3086D3E31CC72B19007494D7 /* Life.storyboard in Resources */ = {isa = PBXBuildFile; fileRef = 3086D3DD1CC72B19007494D7 /* Life.storyboard */; };
		3086D3E41CC72B19007494D7 /* Me.storyboard in Resources */ = {isa = PBXBuildFile; fileRef = 3086D3DE1CC72B19007494D7 /* Me.storyboard */; };
		30D6D2731CC87ACE00FB0CFC /* ico_make.png in Resources */ = {isa = PBXBuildFile; fileRef = 30D6D2701CC87ACE00FB0CFC /* ico_make.png */; };
		30D6D2741CC87ACE00FB0CFC /* JSDropDownMenu.m in Sources */ = {isa = PBXBuildFile; fileRef = 30D6D2721CC87ACE00FB0CFC /* JSDropDownMenu.m */; };
		30D6D27D1CC87AF500FB0CFC /* FoodViewController.m in Sources */ = {isa = PBXBuildFile; fileRef = 30D6D2781CC87AF500FB0CFC /* FoodViewController.m */; };
		30D6D27E1CC87AF500FB0CFC /* FoodViewController.xib in Resources */ = {isa = PBXBuildFile; fileRef = 30D6D2791CC87AF500FB0CFC /* FoodViewController.xib */; };
		30D6D27F1CC87AF500FB0CFC /* FoodCell.m in Sources */ = {isa = PBXBuildFile; fileRef = 30D6D27B1CC87AF500FB0CFC /* FoodCell.m */; };
		30D6D2801CC87AF500FB0CFC /* FoodCell.xib in Resources */ = {isa = PBXBuildFile; fileRef = 30D6D27C1CC87AF500FB0CFC /* FoodCell.xib */; };
		30D6D2851CC8917E00FB0CFC /* XFSegementView.m in Sources */ = {isa = PBXBuildFile; fileRef = 30D6D2841CC8917E00FB0CFC /* XFSegementView.m */; };
		30D6D2891CC891B500FB0CFC /* FoodDetialViewController.m in Sources */ = {isa = PBXBuildFile; fileRef = 30D6D2871CC891B500FB0CFC /* FoodDetialViewController.m */; };
		30D6D28A1CC891B500FB0CFC /* FoodDetialViewController.xib in Resources */ = {isa = PBXBuildFile; fileRef = 30D6D2881CC891B500FB0CFC /* FoodDetialViewController.xib */; };
		30D6D28E1CC89C7100FB0CFC /* FoodCommitViewController.m in Sources */ = {isa = PBXBuildFile; fileRef = 30D6D28C1CC89C7100FB0CFC /* FoodCommitViewController.m */; };
		30D6D28F1CC89C7100FB0CFC /* FoodCommitViewController.xib in Resources */ = {isa = PBXBuildFile; fileRef = 30D6D28D1CC89C7100FB0CFC /* FoodCommitViewController.xib */; };
		30D6D2931CC89E6E00FB0CFC /* FoodCommitCell.m in Sources */ = {isa = PBXBuildFile; fileRef = 30D6D2911CC89E6E00FB0CFC /* FoodCommitCell.m */; };
		30D6D2941CC89E6E00FB0CFC /* FoodCommitCell.xib in Resources */ = {isa = PBXBuildFile; fileRef = 30D6D2921CC89E6E00FB0CFC /* FoodCommitCell.xib */; };
		30D6D2991CC8A3F700FB0CFC /* FoodOrderViewController.m in Sources */ = {isa = PBXBuildFile; fileRef = 30D6D2971CC8A3F700FB0CFC /* FoodOrderViewController.m */; };
		30D6D29A1CC8A3F700FB0CFC /* FoodOrderViewController.xib in Resources */ = {isa = PBXBuildFile; fileRef = 30D6D2981CC8A3F700FB0CFC /* FoodOrderViewController.xib */; };
		30D6D29E1CC8A85B00FB0CFC /* FoodCategoryCell.m in Sources */ = {isa = PBXBuildFile; fileRef = 30D6D29C1CC8A85B00FB0CFC /* FoodCategoryCell.m */; };
		30D6D29F1CC8A85B00FB0CFC /* FoodCategoryCell.xib in Resources */ = {isa = PBXBuildFile; fileRef = 30D6D29D1CC8A85B00FB0CFC /* FoodCategoryCell.xib */; };
		30D6D2A31CC8B1BF00FB0CFC /* FoodContentCell.m in Sources */ = {isa = PBXBuildFile; fileRef = 30D6D2A11CC8B1BF00FB0CFC /* FoodContentCell.m */; };
		30D6D2A41CC8B1BF00FB0CFC /* FoodContentCell.xib in Resources */ = {isa = PBXBuildFile; fileRef = 30D6D2A21CC8B1BF00FB0CFC /* FoodContentCell.xib */; };
		AC71EAA81CC08ECF00B101C2 /* NetworkManager.m in Sources */ = {isa = PBXBuildFile; fileRef = AC71EAA71CC08ECF00B101C2 /* NetworkManager.m */; };
		AC71EAAB1CC08FCD00B101C2 /* NetworkFetcher.m in Sources */ = {isa = PBXBuildFile; fileRef = AC71EAAA1CC08FCD00B101C2 /* NetworkFetcher.m */; };
		AC71EAB11CC090EC00B101C2 /* NetworkFetcher+User.m in Sources */ = {isa = PBXBuildFile; fileRef = AC71EAB01CC090EC00B101C2 /* NetworkFetcher+User.m */; };
		AC71EAB51CC0A59C00B101C2 /* LoginViewController.m in Sources */ = {isa = PBXBuildFile; fileRef = AC71EAB41CC0A59C00B101C2 /* LoginViewController.m */; };
		ACF83EB01CBF97F800A962BD /* main.m in Sources */ = {isa = PBXBuildFile; fileRef = ACF83EAF1CBF97F800A962BD /* main.m */; };
		ACF83EB31CBF97F800A962BD /* AppDelegate.m in Sources */ = {isa = PBXBuildFile; fileRef = ACF83EB21CBF97F800A962BD /* AppDelegate.m */; };
		ACF83EB61CBF97F800A962BD /* ViewController.m in Sources */ = {isa = PBXBuildFile; fileRef = ACF83EB51CBF97F800A962BD /* ViewController.m */; };
		ACF83EB91CBF97F800A962BD /* Login.storyboard in Resources */ = {isa = PBXBuildFile; fileRef = ACF83EB71CBF97F800A962BD /* Login.storyboard */; };
		ACF83EBE1CBF97F800A962BD /* Assets.xcassets in Resources */ = {isa = PBXBuildFile; fileRef = ACF83EBD1CBF97F800A962BD /* Assets.xcassets */; };
		ACF83EC11CBF97F800A962BD /* LaunchScreen.storyboard in Resources */ = {isa = PBXBuildFile; fileRef = ACF83EBF1CBF97F800A962BD /* LaunchScreen.storyboard */; };
/* End PBXBuildFile section */

/* Begin PBXFileReference section */
		177D12BE652A285B1BDD4D47 /* libPods.a */ = {isa = PBXFileReference; explicitFileType = archive.ar; includeInIndex = 0; path = libPods.a; sourceTree = BUILT_PRODUCTS_DIR; };
		3025A98C1CCE3F2E00C5EAAB /* GroupPurchaseViewController.h */ = {isa = PBXFileReference; fileEncoding = 4; lastKnownFileType = sourcecode.c.h; path = GroupPurchaseViewController.h; sourceTree = "<group>"; };
		3025A98D1CCE3F2E00C5EAAB /* GroupPurchaseViewController.m */ = {isa = PBXFileReference; fileEncoding = 4; lastKnownFileType = sourcecode.c.objc; path = GroupPurchaseViewController.m; sourceTree = "<group>"; };
		3025A98E1CCE3F2E00C5EAAB /* GroupPurchaseViewController.xib */ = {isa = PBXFileReference; fileEncoding = 4; lastKnownFileType = file.xib; path = GroupPurchaseViewController.xib; sourceTree = "<group>"; };
		3025A9911CCE3FD700C5EAAB /* PackageViewController.h */ = {isa = PBXFileReference; fileEncoding = 4; lastKnownFileType = sourcecode.c.h; path = PackageViewController.h; sourceTree = "<group>"; };
		3025A9921CCE3FD700C5EAAB /* PackageViewController.m */ = {isa = PBXFileReference; fileEncoding = 4; lastKnownFileType = sourcecode.c.objc; path = PackageViewController.m; sourceTree = "<group>"; };
		3025A9931CCE3FD700C5EAAB /* PackageViewController.xib */ = {isa = PBXFileReference; fileEncoding = 4; lastKnownFileType = file.xib; path = PackageViewController.xib; sourceTree = "<group>"; };
		3025A9961CCE40D800C5EAAB /* PackageCell.h */ = {isa = PBXFileReference; fileEncoding = 4; lastKnownFileType = sourcecode.c.h; path = PackageCell.h; sourceTree = "<group>"; };
		3025A9971CCE40D800C5EAAB /* PackageCell.m */ = {isa = PBXFileReference; fileEncoding = 4; lastKnownFileType = sourcecode.c.objc; path = PackageCell.m; sourceTree = "<group>"; };
		3025A9981CCE40D800C5EAAB /* PackageCell.xib */ = {isa = PBXFileReference; fileEncoding = 4; lastKnownFileType = file.xib; path = PackageCell.xib; sourceTree = "<group>"; };
		303519411CCF0B0500EE0750 /* MoneyCell.h */ = {isa = PBXFileReference; fileEncoding = 4; lastKnownFileType = sourcecode.c.h; path = MoneyCell.h; sourceTree = "<group>"; };
		303519421CCF0B0500EE0750 /* MoneyCell.m */ = {isa = PBXFileReference; fileEncoding = 4; lastKnownFileType = sourcecode.c.objc; path = MoneyCell.m; sourceTree = "<group>"; };
		303519431CCF0B0500EE0750 /* MoneyCell.xib */ = {isa = PBXFileReference; fileEncoding = 4; lastKnownFileType = file.xib; path = MoneyCell.xib; sourceTree = "<group>"; };
		303519461CCF0D3000EE0750 /* MoneyCardViewController.h */ = {isa = PBXFileReference; fileEncoding = 4; lastKnownFileType = sourcecode.c.h; path = MoneyCardViewController.h; sourceTree = "<group>"; };
		303519471CCF0D3000EE0750 /* MoneyCardViewController.m */ = {isa = PBXFileReference; fileEncoding = 4; lastKnownFileType = sourcecode.c.objc; path = MoneyCardViewController.m; sourceTree = "<group>"; };
		303519481CCF0D3000EE0750 /* MoneyCardViewController.xib */ = {isa = PBXFileReference; fileEncoding = 4; lastKnownFileType = file.xib; path = MoneyCardViewController.xib; sourceTree = "<group>"; };
		3086D38F1CC728F0007494D7 /* PrefixHeader.pch */ = {isa = PBXFileReference; lastKnownFileType = sourcecode.c.h; path = PrefixHeader.pch; sourceTree = "<group>"; };
		3086D3911CC72975007494D7 /* LCUIKit.h */ = {isa = PBXFileReference; fileEncoding = 4; lastKnownFileType = sourcecode.c.h; path = LCUIKit.h; sourceTree = "<group>"; };
		3086D3921CC72975007494D7 /* UIButton+LCAlignment.h */ = {isa = PBXFileReference; fileEncoding = 4; lastKnownFileType = sourcecode.c.h; path = "UIButton+LCAlignment.h"; sourceTree = "<group>"; };
		3086D3931CC72975007494D7 /* UIButton+LCAlignment.m */ = {isa = PBXFileReference; fileEncoding = 4; lastKnownFileType = sourcecode.c.objc; path = "UIButton+LCAlignment.m"; sourceTree = "<group>"; };
		3086D3941CC72975007494D7 /* UIColor+LCHexValue.h */ = {isa = PBXFileReference; fileEncoding = 4; lastKnownFileType = sourcecode.c.h; path = "UIColor+LCHexValue.h"; sourceTree = "<group>"; };
		3086D3951CC72975007494D7 /* UIColor+LCHexValue.m */ = {isa = PBXFileReference; fileEncoding = 4; lastKnownFileType = sourcecode.c.objc; path = "UIColor+LCHexValue.m"; sourceTree = "<group>"; };
		3086D3961CC72975007494D7 /* UILabel+LCConvenience.h */ = {isa = PBXFileReference; fileEncoding = 4; lastKnownFileType = sourcecode.c.h; path = "UILabel+LCConvenience.h"; sourceTree = "<group>"; };
		3086D3971CC72975007494D7 /* UILabel+LCConvenience.m */ = {isa = PBXFileReference; fileEncoding = 4; lastKnownFileType = sourcecode.c.objc; path = "UILabel+LCConvenience.m"; sourceTree = "<group>"; };
		3086D39B1CC7298B007494D7 /* JZMTBtnView.h */ = {isa = PBXFileReference; fileEncoding = 4; lastKnownFileType = sourcecode.c.h; path = JZMTBtnView.h; sourceTree = "<group>"; };
		3086D39C1CC7298B007494D7 /* JZMTBtnView.m */ = {isa = PBXFileReference; fileEncoding = 4; lastKnownFileType = sourcecode.c.objc; path = JZMTBtnView.m; sourceTree = "<group>"; };
		3086D39F1CC729A9007494D7 /* GMTextField.h */ = {isa = PBXFileReference; fileEncoding = 4; lastKnownFileType = sourcecode.c.h; path = GMTextField.h; sourceTree = "<group>"; };
		3086D3A01CC729A9007494D7 /* GMTextField.m */ = {isa = PBXFileReference; fileEncoding = 4; lastKnownFileType = sourcecode.c.objc; path = GMTextField.m; sourceTree = "<group>"; };
		3086D3A11CC729A9007494D7 /* WXTextField.h */ = {isa = PBXFileReference; fileEncoding = 4; lastKnownFileType = sourcecode.c.h; path = WXTextField.h; sourceTree = "<group>"; };
		3086D3A21CC729A9007494D7 /* WXTextField.m */ = {isa = PBXFileReference; fileEncoding = 4; lastKnownFileType = sourcecode.c.objc; path = WXTextField.m; sourceTree = "<group>"; };
		3086D3A31CC729A9007494D7 /* WXTextField.xib */ = {isa = PBXFileReference; fileEncoding = 4; lastKnownFileType = file.xib; path = WXTextField.xib; sourceTree = "<group>"; };
		3086D3AB1CC729EA007494D7 /* menuData.plist */ = {isa = PBXFileReference; fileEncoding = 4; lastKnownFileType = text.plist.xml; path = menuData.plist; sourceTree = "<group>"; };
		3086D3AE1CC72A09007494D7 /* GMButton.h */ = {isa = PBXFileReference; fileEncoding = 4; lastKnownFileType = sourcecode.c.h; path = GMButton.h; sourceTree = "<group>"; };
		3086D3AF1CC72A09007494D7 /* GMButton.m */ = {isa = PBXFileReference; fileEncoding = 4; lastKnownFileType = sourcecode.c.objc; path = GMButton.m; sourceTree = "<group>"; };
		3086D3B01CC72A09007494D7 /* GMLabel.h */ = {isa = PBXFileReference; fileEncoding = 4; lastKnownFileType = sourcecode.c.h; path = GMLabel.h; sourceTree = "<group>"; };
		3086D3B11CC72A09007494D7 /* GMLabel.m */ = {isa = PBXFileReference; fileEncoding = 4; lastKnownFileType = sourcecode.c.objc; path = GMLabel.m; sourceTree = "<group>"; };
		3086D3B21CC72A09007494D7 /* GMXTextField.h */ = {isa = PBXFileReference; fileEncoding = 4; lastKnownFileType = sourcecode.c.h; path = GMXTextField.h; sourceTree = "<group>"; };
		3086D3B31CC72A09007494D7 /* GMXTextField.m */ = {isa = PBXFileReference; fileEncoding = 4; lastKnownFileType = sourcecode.c.objc; path = GMXTextField.m; sourceTree = "<group>"; };
		3086D3B71CC72A1E007494D7 /* GMRegisterViewController.h */ = {isa = PBXFileReference; fileEncoding = 4; lastKnownFileType = sourcecode.c.h; path = GMRegisterViewController.h; sourceTree = "<group>"; };
		3086D3B81CC72A1E007494D7 /* GMRegisterViewController.m */ = {isa = PBXFileReference; fileEncoding = 4; lastKnownFileType = sourcecode.c.objc; path = GMRegisterViewController.m; sourceTree = "<group>"; };
		3086D3B91CC72A1E007494D7 /* GMRegisterViewController.xib */ = {isa = PBXFileReference; fileEncoding = 4; lastKnownFileType = file.xib; path = GMRegisterViewController.xib; sourceTree = "<group>"; };
		3086D3BD1CC72A8C007494D7 /* GMLoginViewController.h */ = {isa = PBXFileReference; fileEncoding = 4; lastKnownFileType = sourcecode.c.h; path = GMLoginViewController.h; sourceTree = "<group>"; };
		3086D3BE1CC72A8C007494D7 /* GMLoginViewController.m */ = {isa = PBXFileReference; fileEncoding = 4; lastKnownFileType = sourcecode.c.objc; path = GMLoginViewController.m; sourceTree = "<group>"; };
		3086D3BF1CC72A8C007494D7 /* GMLoginViewController.xib */ = {isa = PBXFileReference; fileEncoding = 4; lastKnownFileType = file.xib; path = GMLoginViewController.xib; sourceTree = "<group>"; };
		3086D3C31CC72ABC007494D7 /* HomePageViewController.h */ = {isa = PBXFileReference; fileEncoding = 4; lastKnownFileType = sourcecode.c.h; path = HomePageViewController.h; sourceTree = "<group>"; };
		3086D3C41CC72ABC007494D7 /* HomePageViewController.m */ = {isa = PBXFileReference; fileEncoding = 4; lastKnownFileType = sourcecode.c.objc; path = HomePageViewController.m; sourceTree = "<group>"; };
		3086D3C51CC72ABC007494D7 /* HomeMenuCell.h */ = {isa = PBXFileReference; fileEncoding = 4; lastKnownFileType = sourcecode.c.h; path = HomeMenuCell.h; sourceTree = "<group>"; };
		3086D3C61CC72ABC007494D7 /* HomeMenuCell.m */ = {isa = PBXFileReference; fileEncoding = 4; lastKnownFileType = sourcecode.c.objc; path = HomeMenuCell.m; sourceTree = "<group>"; };
		3086D3C71CC72ABC007494D7 /* HomeNewsCell.h */ = {isa = PBXFileReference; fileEncoding = 4; lastKnownFileType = sourcecode.c.h; path = HomeNewsCell.h; sourceTree = "<group>"; };
		3086D3C81CC72ABC007494D7 /* HomeNewsCell.m */ = {isa = PBXFileReference; fileEncoding = 4; lastKnownFileType = sourcecode.c.objc; path = HomeNewsCell.m; sourceTree = "<group>"; };
		3086D3C91CC72ABC007494D7 /* HomeNewsCell.xib */ = {isa = PBXFileReference; fileEncoding = 4; lastKnownFileType = file.xib; path = HomeNewsCell.xib; sourceTree = "<group>"; };
		3086D3CA1CC72ABC007494D7 /* HomeIntroduceCell.h */ = {isa = PBXFileReference; fileEncoding = 4; lastKnownFileType = sourcecode.c.h; path = HomeIntroduceCell.h; sourceTree = "<group>"; };
		3086D3CB1CC72ABC007494D7 /* HomeIntroduceCell.m */ = {isa = PBXFileReference; fileEncoding = 4; lastKnownFileType = sourcecode.c.objc; path = HomeIntroduceCell.m; sourceTree = "<group>"; };
		3086D3CC1CC72ABC007494D7 /* HomeIntroduceCell.xib */ = {isa = PBXFileReference; fileEncoding = 4; lastKnownFileType = file.xib; path = HomeIntroduceCell.xib; sourceTree = "<group>"; };
		3086D3CD1CC72ABC007494D7 /* HomeCategoryCell.h */ = {isa = PBXFileReference; fileEncoding = 4; lastKnownFileType = sourcecode.c.h; path = HomeCategoryCell.h; sourceTree = "<group>"; };
		3086D3CE1CC72ABC007494D7 /* HomeCategoryCell.m */ = {isa = PBXFileReference; fileEncoding = 4; lastKnownFileType = sourcecode.c.objc; path = HomeCategoryCell.m; sourceTree = "<group>"; };
		3086D3CF1CC72ABC007494D7 /* HomeCategoryCell.xib */ = {isa = PBXFileReference; fileEncoding = 4; lastKnownFileType = file.xib; path = HomeCategoryCell.xib; sourceTree = "<group>"; };
		3086D3D91CC72B19007494D7 /* Main.storyboard */ = {isa = PBXFileReference; fileEncoding = 4; lastKnownFileType = file.storyboard; path = Main.storyboard; sourceTree = "<group>"; };
		3086D3DA1CC72B19007494D7 /* Home.storyboard */ = {isa = PBXFileReference; fileEncoding = 4; lastKnownFileType = file.storyboard; path = Home.storyboard; sourceTree = "<group>"; };
		3086D3DB1CC72B19007494D7 /* Buy.storyboard */ = {isa = PBXFileReference; fileEncoding = 4; lastKnownFileType = file.storyboard; path = Buy.storyboard; sourceTree = "<group>"; };
		3086D3DC1CC72B19007494D7 /* Category.storyboard */ = {isa = PBXFileReference; fileEncoding = 4; lastKnownFileType = file.storyboard; path = Category.storyboard; sourceTree = "<group>"; };
		3086D3DD1CC72B19007494D7 /* Life.storyboard */ = {isa = PBXFileReference; fileEncoding = 4; lastKnownFileType = file.storyboard; path = Life.storyboard; sourceTree = "<group>"; };
		3086D3DE1CC72B19007494D7 /* Me.storyboard */ = {isa = PBXFileReference; fileEncoding = 4; lastKnownFileType = file.storyboard; path = Me.storyboard; sourceTree = "<group>"; };
		30D6D2701CC87ACE00FB0CFC /* ico_make.png */ = {isa = PBXFileReference; lastKnownFileType = image.png; path = ico_make.png; sourceTree = "<group>"; };
		30D6D2711CC87ACE00FB0CFC /* JSDropDownMenu.h */ = {isa = PBXFileReference; fileEncoding = 4; lastKnownFileType = sourcecode.c.h; path = JSDropDownMenu.h; sourceTree = "<group>"; };
		30D6D2721CC87ACE00FB0CFC /* JSDropDownMenu.m */ = {isa = PBXFileReference; fileEncoding = 4; lastKnownFileType = sourcecode.c.objc; path = JSDropDownMenu.m; sourceTree = "<group>"; };
		30D6D2771CC87AF500FB0CFC /* FoodViewController.h */ = {isa = PBXFileReference; fileEncoding = 4; lastKnownFileType = sourcecode.c.h; path = FoodViewController.h; sourceTree = "<group>"; };
		30D6D2781CC87AF500FB0CFC /* FoodViewController.m */ = {isa = PBXFileReference; fileEncoding = 4; lastKnownFileType = sourcecode.c.objc; path = FoodViewController.m; sourceTree = "<group>"; };
		30D6D2791CC87AF500FB0CFC /* FoodViewController.xib */ = {isa = PBXFileReference; fileEncoding = 4; lastKnownFileType = file.xib; path = FoodViewController.xib; sourceTree = "<group>"; };
		30D6D27A1CC87AF500FB0CFC /* FoodCell.h */ = {isa = PBXFileReference; fileEncoding = 4; lastKnownFileType = sourcecode.c.h; path = FoodCell.h; sourceTree = "<group>"; };
		30D6D27B1CC87AF500FB0CFC /* FoodCell.m */ = {isa = PBXFileReference; fileEncoding = 4; lastKnownFileType = sourcecode.c.objc; path = FoodCell.m; sourceTree = "<group>"; };
		30D6D27C1CC87AF500FB0CFC /* FoodCell.xib */ = {isa = PBXFileReference; fileEncoding = 4; lastKnownFileType = file.xib; path = FoodCell.xib; sourceTree = "<group>"; };
		30D6D2831CC8917E00FB0CFC /* XFSegementView.h */ = {isa = PBXFileReference; fileEncoding = 4; lastKnownFileType = sourcecode.c.h; path = XFSegementView.h; sourceTree = "<group>"; };
		30D6D2841CC8917E00FB0CFC /* XFSegementView.m */ = {isa = PBXFileReference; fileEncoding = 4; lastKnownFileType = sourcecode.c.objc; path = XFSegementView.m; sourceTree = "<group>"; };
		30D6D2861CC891B500FB0CFC /* FoodDetialViewController.h */ = {isa = PBXFileReference; fileEncoding = 4; lastKnownFileType = sourcecode.c.h; path = FoodDetialViewController.h; sourceTree = "<group>"; };
		30D6D2871CC891B500FB0CFC /* FoodDetialViewController.m */ = {isa = PBXFileReference; fileEncoding = 4; lastKnownFileType = sourcecode.c.objc; path = FoodDetialViewController.m; sourceTree = "<group>"; };
		30D6D2881CC891B500FB0CFC /* FoodDetialViewController.xib */ = {isa = PBXFileReference; fileEncoding = 4; lastKnownFileType = file.xib; path = FoodDetialViewController.xib; sourceTree = "<group>"; };
		30D6D28B1CC89C7100FB0CFC /* FoodCommitViewController.h */ = {isa = PBXFileReference; fileEncoding = 4; lastKnownFileType = sourcecode.c.h; path = FoodCommitViewController.h; sourceTree = "<group>"; };
		30D6D28C1CC89C7100FB0CFC /* FoodCommitViewController.m */ = {isa = PBXFileReference; fileEncoding = 4; lastKnownFileType = sourcecode.c.objc; path = FoodCommitViewController.m; sourceTree = "<group>"; };
		30D6D28D1CC89C7100FB0CFC /* FoodCommitViewController.xib */ = {isa = PBXFileReference; fileEncoding = 4; lastKnownFileType = file.xib; path = FoodCommitViewController.xib; sourceTree = "<group>"; };
		30D6D2901CC89E6E00FB0CFC /* FoodCommitCell.h */ = {isa = PBXFileReference; fileEncoding = 4; lastKnownFileType = sourcecode.c.h; path = FoodCommitCell.h; sourceTree = "<group>"; };
		30D6D2911CC89E6E00FB0CFC /* FoodCommitCell.m */ = {isa = PBXFileReference; fileEncoding = 4; lastKnownFileType = sourcecode.c.objc; path = FoodCommitCell.m; sourceTree = "<group>"; };
		30D6D2921CC89E6E00FB0CFC /* FoodCommitCell.xib */ = {isa = PBXFileReference; fileEncoding = 4; lastKnownFileType = file.xib; path = FoodCommitCell.xib; sourceTree = "<group>"; };
		30D6D2961CC8A3F700FB0CFC /* FoodOrderViewController.h */ = {isa = PBXFileReference; fileEncoding = 4; lastKnownFileType = sourcecode.c.h; path = FoodOrderViewController.h; sourceTree = "<group>"; };
		30D6D2971CC8A3F700FB0CFC /* FoodOrderViewController.m */ = {isa = PBXFileReference; fileEncoding = 4; lastKnownFileType = sourcecode.c.objc; path = FoodOrderViewController.m; sourceTree = "<group>"; };
		30D6D2981CC8A3F700FB0CFC /* FoodOrderViewController.xib */ = {isa = PBXFileReference; fileEncoding = 4; lastKnownFileType = file.xib; path = FoodOrderViewController.xib; sourceTree = "<group>"; };
		30D6D29B1CC8A85B00FB0CFC /* FoodCategoryCell.h */ = {isa = PBXFileReference; fileEncoding = 4; lastKnownFileType = sourcecode.c.h; path = FoodCategoryCell.h; sourceTree = "<group>"; };
		30D6D29C1CC8A85B00FB0CFC /* FoodCategoryCell.m */ = {isa = PBXFileReference; fileEncoding = 4; lastKnownFileType = sourcecode.c.objc; path = FoodCategoryCell.m; sourceTree = "<group>"; };
		30D6D29D1CC8A85B00FB0CFC /* FoodCategoryCell.xib */ = {isa = PBXFileReference; fileEncoding = 4; lastKnownFileType = file.xib; path = FoodCategoryCell.xib; sourceTree = "<group>"; };
		30D6D2A01CC8B1BF00FB0CFC /* FoodContentCell.h */ = {isa = PBXFileReference; fileEncoding = 4; lastKnownFileType = sourcecode.c.h; path = FoodContentCell.h; sourceTree = "<group>"; };
		30D6D2A11CC8B1BF00FB0CFC /* FoodContentCell.m */ = {isa = PBXFileReference; fileEncoding = 4; lastKnownFileType = sourcecode.c.objc; path = FoodContentCell.m; sourceTree = "<group>"; };
		30D6D2A21CC8B1BF00FB0CFC /* FoodContentCell.xib */ = {isa = PBXFileReference; fileEncoding = 4; lastKnownFileType = file.xib; path = FoodContentCell.xib; sourceTree = "<group>"; };
		7606BA04C8AD458BD6521D32 /* Pods.release.xcconfig */ = {isa = PBXFileReference; includeInIndex = 1; lastKnownFileType = text.xcconfig; name = Pods.release.xcconfig; path = "Pods/Target Support Files/Pods/Pods.release.xcconfig"; sourceTree = "<group>"; };
		90BDB886ABAAAD5B9A260451 /* Pods.debug.xcconfig */ = {isa = PBXFileReference; includeInIndex = 1; lastKnownFileType = text.xcconfig; name = Pods.debug.xcconfig; path = "Pods/Target Support Files/Pods/Pods.debug.xcconfig"; sourceTree = "<group>"; };
		AC71EAA61CC08ECF00B101C2 /* NetworkManager.h */ = {isa = PBXFileReference; fileEncoding = 4; lastKnownFileType = sourcecode.c.h; path = NetworkManager.h; sourceTree = "<group>"; };
		AC71EAA71CC08ECF00B101C2 /* NetworkManager.m */ = {isa = PBXFileReference; fileEncoding = 4; lastKnownFileType = sourcecode.c.objc; path = NetworkManager.m; sourceTree = "<group>"; };
		AC71EAA91CC08FCD00B101C2 /* NetworkFetcher.h */ = {isa = PBXFileReference; fileEncoding = 4; lastKnownFileType = sourcecode.c.h; path = NetworkFetcher.h; sourceTree = "<group>"; };
		AC71EAAA1CC08FCD00B101C2 /* NetworkFetcher.m */ = {isa = PBXFileReference; fileEncoding = 4; lastKnownFileType = sourcecode.c.objc; path = NetworkFetcher.m; sourceTree = "<group>"; };
		AC71EAAF1CC090EC00B101C2 /* NetworkFetcher+User.h */ = {isa = PBXFileReference; fileEncoding = 4; lastKnownFileType = sourcecode.c.h; path = "NetworkFetcher+User.h"; sourceTree = "<group>"; };
		AC71EAB01CC090EC00B101C2 /* NetworkFetcher+User.m */ = {isa = PBXFileReference; fileEncoding = 4; lastKnownFileType = sourcecode.c.objc; path = "NetworkFetcher+User.m"; sourceTree = "<group>"; };
		AC71EAB31CC0A59C00B101C2 /* LoginViewController.h */ = {isa = PBXFileReference; fileEncoding = 4; lastKnownFileType = sourcecode.c.h; path = LoginViewController.h; sourceTree = "<group>"; };
		AC71EAB41CC0A59C00B101C2 /* LoginViewController.m */ = {isa = PBXFileReference; fileEncoding = 4; lastKnownFileType = sourcecode.c.objc; path = LoginViewController.m; sourceTree = "<group>"; };
		ACF83EAB1CBF97F800A962BD /* Venus.app */ = {isa = PBXFileReference; explicitFileType = wrapper.application; includeInIndex = 0; path = Venus.app; sourceTree = BUILT_PRODUCTS_DIR; };
		ACF83EAF1CBF97F800A962BD /* main.m */ = {isa = PBXFileReference; lastKnownFileType = sourcecode.c.objc; path = main.m; sourceTree = "<group>"; };
		ACF83EB11CBF97F800A962BD /* AppDelegate.h */ = {isa = PBXFileReference; lastKnownFileType = sourcecode.c.h; path = AppDelegate.h; sourceTree = "<group>"; };
		ACF83EB21CBF97F800A962BD /* AppDelegate.m */ = {isa = PBXFileReference; lastKnownFileType = sourcecode.c.objc; path = AppDelegate.m; sourceTree = "<group>"; };
		ACF83EB41CBF97F800A962BD /* ViewController.h */ = {isa = PBXFileReference; lastKnownFileType = sourcecode.c.h; name = ViewController.h; path = ../ViewController.h; sourceTree = "<group>"; };
		ACF83EB51CBF97F800A962BD /* ViewController.m */ = {isa = PBXFileReference; lastKnownFileType = sourcecode.c.objc; name = ViewController.m; path = ../ViewController.m; sourceTree = "<group>"; };
		ACF83EB81CBF97F800A962BD /* Base */ = {isa = PBXFileReference; lastKnownFileType = file.storyboard; name = Base; path = Base.lproj/Login.storyboard; sourceTree = "<group>"; };
		ACF83EBB1CBF97F800A962BD /* Venus.xcdatamodel */ = {isa = PBXFileReference; lastKnownFileType = wrapper.xcdatamodel; path = Venus.xcdatamodel; sourceTree = "<group>"; };
		ACF83EBD1CBF97F800A962BD /* Assets.xcassets */ = {isa = PBXFileReference; lastKnownFileType = folder.assetcatalog; path = Assets.xcassets; sourceTree = "<group>"; };
		ACF83EC01CBF97F800A962BD /* Base */ = {isa = PBXFileReference; lastKnownFileType = file.storyboard; name = Base; path = Base.lproj/LaunchScreen.storyboard; sourceTree = "<group>"; };
		ACF83EC21CBF97F800A962BD /* Info.plist */ = {isa = PBXFileReference; lastKnownFileType = text.plist.xml; path = Info.plist; sourceTree = "<group>"; };
/* End PBXFileReference section */

/* Begin PBXFrameworksBuildPhase section */
		ACF83EA81CBF97F800A962BD /* Frameworks */ = {
			isa = PBXFrameworksBuildPhase;
			buildActionMask = 2147483647;
			files = (
				0E9E7CF44B2FAC9667513636 /* libPods.a in Frameworks */,
			);
			runOnlyForDeploymentPostprocessing = 0;
		};
/* End PBXFrameworksBuildPhase section */

/* Begin PBXGroup section */
		3025A98B1CCE3ED500C5EAAB /* group */ = {
			isa = PBXGroup;
			children = (
				3025A99B1CCE40E000C5EAAB /* cell */,
				3025A98C1CCE3F2E00C5EAAB /* GroupPurchaseViewController.h */,
				3025A98D1CCE3F2E00C5EAAB /* GroupPurchaseViewController.m */,
				3025A98E1CCE3F2E00C5EAAB /* GroupPurchaseViewController.xib */,
				3025A9911CCE3FD700C5EAAB /* PackageViewController.h */,
				3025A9921CCE3FD700C5EAAB /* PackageViewController.m */,
				3025A9931CCE3FD700C5EAAB /* PackageViewController.xib */,
				303519461CCF0D3000EE0750 /* MoneyCardViewController.h */,
				303519471CCF0D3000EE0750 /* MoneyCardViewController.m */,
				303519481CCF0D3000EE0750 /* MoneyCardViewController.xib */,
			);
			name = group;
			sourceTree = "<group>";
		};
		3025A99B1CCE40E000C5EAAB /* cell */ = {
			isa = PBXGroup;
			children = (
				3025A9961CCE40D800C5EAAB /* PackageCell.h */,
				3025A9971CCE40D800C5EAAB /* PackageCell.m */,
				3025A9981CCE40D800C5EAAB /* PackageCell.xib */,
				303519411CCF0B0500EE0750 /* MoneyCell.h */,
				303519421CCF0B0500EE0750 /* MoneyCell.m */,
				303519431CCF0B0500EE0750 /* MoneyCell.xib */,
			);
			name = cell;
			sourceTree = "<group>";
		};
		3086D3901CC72975007494D7 /* LCUIKit */ = {
			isa = PBXGroup;
			children = (
				3086D3911CC72975007494D7 /* LCUIKit.h */,
				3086D3921CC72975007494D7 /* UIButton+LCAlignment.h */,
				3086D3931CC72975007494D7 /* UIButton+LCAlignment.m */,
				3086D3941CC72975007494D7 /* UIColor+LCHexValue.h */,
				3086D3951CC72975007494D7 /* UIColor+LCHexValue.m */,
				3086D3961CC72975007494D7 /* UILabel+LCConvenience.h */,
				3086D3971CC72975007494D7 /* UILabel+LCConvenience.m */,
			);
			path = LCUIKit;
			sourceTree = "<group>";
		};
		3086D39E1CC72997007494D7 /* JZMTBtnView */ = {
			isa = PBXGroup;
			children = (
				3086D39B1CC7298B007494D7 /* JZMTBtnView.h */,
				3086D39C1CC7298B007494D7 /* JZMTBtnView.m */,
			);
			name = JZMTBtnView;
			path = LCUIKit;
			sourceTree = "<group>";
		};
		3086D3A71CC729B3007494D7 /* WXTextField */ = {
			isa = PBXGroup;
			children = (
				3086D39F1CC729A9007494D7 /* GMTextField.h */,
				3086D3A01CC729A9007494D7 /* GMTextField.m */,
				3086D3A11CC729A9007494D7 /* WXTextField.h */,
				3086D3A21CC729A9007494D7 /* WXTextField.m */,
				3086D3A31CC729A9007494D7 /* WXTextField.xib */,
			);
			name = WXTextField;
			path = LCUIKit;
			sourceTree = "<group>";
		};
		3086D3A81CC729BD007494D7 /* ThirdParty */ = {
			isa = PBXGroup;
			children = (
				30D6D2821CC8917E00FB0CFC /* XFSegementView */,
				30D6D26F1CC87ACE00FB0CFC /* JSDropDownMenu */,
				3086D3A71CC729B3007494D7 /* WXTextField */,
				3086D39E1CC72997007494D7 /* JZMTBtnView */,
				3086D3901CC72975007494D7 /* LCUIKit */,
			);
			name = ThirdParty;
			sourceTree = "<group>";
		};
		3086D3A91CC729D2007494D7 /* Others */ = {
			isa = PBXGroup;
			children = (
				30D6D2751CC87AE100FB0CFC /* controller */,
				3086D3AD1CC729F6007494D7 /* view */,
				3086D3AA1CC729DC007494D7 /* model */,
			);
			name = Others;
			sourceTree = "<group>";
		};
		3086D3AA1CC729DC007494D7 /* model */ = {
			isa = PBXGroup;
			children = (
				3086D3AB1CC729EA007494D7 /* menuData.plist */,
			);
			name = model;
			sourceTree = "<group>";
		};
		3086D3AD1CC729F6007494D7 /* view */ = {
			isa = PBXGroup;
			children = (
				3086D3AE1CC72A09007494D7 /* GMButton.h */,
				3086D3AF1CC72A09007494D7 /* GMButton.m */,
				3086D3B01CC72A09007494D7 /* GMLabel.h */,
				3086D3B11CC72A09007494D7 /* GMLabel.m */,
				3086D3B21CC72A09007494D7 /* GMXTextField.h */,
				3086D3B31CC72A09007494D7 /* GMXTextField.m */,
			);
			name = view;
			sourceTree = "<group>";
		};
		3086D3BC1CC72A24007494D7 /* Register */ = {
			isa = PBXGroup;
			children = (
				3086D3B71CC72A1E007494D7 /* GMRegisterViewController.h */,
				3086D3B81CC72A1E007494D7 /* GMRegisterViewController.m */,
				3086D3B91CC72A1E007494D7 /* GMRegisterViewController.xib */,
			);
			name = Register;
			sourceTree = "<group>";
		};
		3086D3C21CC72A92007494D7 /* Login */ = {
			isa = PBXGroup;
			children = (
				3086D3BD1CC72A8C007494D7 /* GMLoginViewController.h */,
				3086D3BE1CC72A8C007494D7 /* GMLoginViewController.m */,
				3086D3BF1CC72A8C007494D7 /* GMLoginViewController.xib */,
			);
			name = Login;
			path = login;
			sourceTree = "<group>";
		};
		3086D3D81CC72ACB007494D7 /* HomePage */ = {
			isa = PBXGroup;
			children = (
				3086D3C31CC72ABC007494D7 /* HomePageViewController.h */,
				3086D3C41CC72ABC007494D7 /* HomePageViewController.m */,
				30D6D2811CC87BEF00FB0CFC /* cell */,
			);
			name = HomePage;
			path = appDelegate;
			sourceTree = "<group>";
		};
		3086D3E51CC72B25007494D7 /* StoryBoard */ = {
			isa = PBXGroup;
			children = (
				3086D3D91CC72B19007494D7 /* Main.storyboard */,
				3086D3DA1CC72B19007494D7 /* Home.storyboard */,
				3086D3DB1CC72B19007494D7 /* Buy.storyboard */,
				3086D3DC1CC72B19007494D7 /* Category.storyboard */,
				3086D3DD1CC72B19007494D7 /* Life.storyboard */,
				3086D3DE1CC72B19007494D7 /* Me.storyboard */,
			);
			name = StoryBoard;
			sourceTree = "<group>";
		};
		30D6D26F1CC87ACE00FB0CFC /* JSDropDownMenu */ = {
			isa = PBXGroup;
			children = (
				30D6D2701CC87ACE00FB0CFC /* ico_make.png */,
				30D6D2711CC87ACE00FB0CFC /* JSDropDownMenu.h */,
				30D6D2721CC87ACE00FB0CFC /* JSDropDownMenu.m */,
			);
			path = JSDropDownMenu;
			sourceTree = "<group>";
		};
		30D6D2751CC87AE100FB0CFC /* controller */ = {
			isa = PBXGroup;
			children = (
				3025A98B1CCE3ED500C5EAAB /* group */,
				30D6D2761CC87AE800FB0CFC /* food */,
			);
			name = controller;
			sourceTree = "<group>";
		};
		30D6D2761CC87AE800FB0CFC /* food */ = {
			isa = PBXGroup;
			children = (
				30D6D2951CC8A3D800FB0CFC /* cell */,
				30D6D2771CC87AF500FB0CFC /* FoodViewController.h */,
				30D6D2781CC87AF500FB0CFC /* FoodViewController.m */,
				30D6D2791CC87AF500FB0CFC /* FoodViewController.xib */,
				30D6D2861CC891B500FB0CFC /* FoodDetialViewController.h */,
				30D6D2871CC891B500FB0CFC /* FoodDetialViewController.m */,
				30D6D2881CC891B500FB0CFC /* FoodDetialViewController.xib */,
				30D6D28B1CC89C7100FB0CFC /* FoodCommitViewController.h */,
				30D6D28C1CC89C7100FB0CFC /* FoodCommitViewController.m */,
				30D6D28D1CC89C7100FB0CFC /* FoodCommitViewController.xib */,
				30D6D2961CC8A3F700FB0CFC /* FoodOrderViewController.h */,
				30D6D2971CC8A3F700FB0CFC /* FoodOrderViewController.m */,
				30D6D2981CC8A3F700FB0CFC /* FoodOrderViewController.xib */,
			);
			name = food;
			sourceTree = "<group>";
		};
		30D6D2811CC87BEF00FB0CFC /* cell */ = {
			isa = PBXGroup;
			children = (
				3086D3C51CC72ABC007494D7 /* HomeMenuCell.h */,
				3086D3C61CC72ABC007494D7 /* HomeMenuCell.m */,
				3086D3C71CC72ABC007494D7 /* HomeNewsCell.h */,
				3086D3C81CC72ABC007494D7 /* HomeNewsCell.m */,
				3086D3C91CC72ABC007494D7 /* HomeNewsCell.xib */,
				3086D3CA1CC72ABC007494D7 /* HomeIntroduceCell.h */,
				3086D3CB1CC72ABC007494D7 /* HomeIntroduceCell.m */,
				3086D3CC1CC72ABC007494D7 /* HomeIntroduceCell.xib */,
				3086D3CD1CC72ABC007494D7 /* HomeCategoryCell.h */,
				3086D3CE1CC72ABC007494D7 /* HomeCategoryCell.m */,
				3086D3CF1CC72ABC007494D7 /* HomeCategoryCell.xib */,
			);
			name = cell;
			sourceTree = "<group>";
		};
		30D6D2821CC8917E00FB0CFC /* XFSegementView */ = {
			isa = PBXGroup;
			children = (
				30D6D2831CC8917E00FB0CFC /* XFSegementView.h */,
				30D6D2841CC8917E00FB0CFC /* XFSegementView.m */,
			);
			path = XFSegementView;
			sourceTree = "<group>";
		};
		30D6D2951CC8A3D800FB0CFC /* cell */ = {
			isa = PBXGroup;
			children = (
				30D6D27A1CC87AF500FB0CFC /* FoodCell.h */,
				30D6D27B1CC87AF500FB0CFC /* FoodCell.m */,
				30D6D27C1CC87AF500FB0CFC /* FoodCell.xib */,
				30D6D2901CC89E6E00FB0CFC /* FoodCommitCell.h */,
				30D6D2911CC89E6E00FB0CFC /* FoodCommitCell.m */,
				30D6D2921CC89E6E00FB0CFC /* FoodCommitCell.xib */,
				30D6D29B1CC8A85B00FB0CFC /* FoodCategoryCell.h */,
				30D6D29C1CC8A85B00FB0CFC /* FoodCategoryCell.m */,
				30D6D29D1CC8A85B00FB0CFC /* FoodCategoryCell.xib */,
				30D6D2A01CC8B1BF00FB0CFC /* FoodContentCell.h */,
				30D6D2A11CC8B1BF00FB0CFC /* FoodContentCell.m */,
				30D6D2A21CC8B1BF00FB0CFC /* FoodContentCell.xib */,
			);
			name = cell;
			sourceTree = "<group>";
		};
		316E961895E367E514CC9FA4 /* Pods */ = {
			isa = PBXGroup;
			children = (
				90BDB886ABAAAD5B9A260451 /* Pods.debug.xcconfig */,
				7606BA04C8AD458BD6521D32 /* Pods.release.xcconfig */,
			);
			name = Pods;
			sourceTree = "<group>";
		};
		AC71EAA51CC08E8B00B101C2 /* Network */ = {
			isa = PBXGroup;
			children = (
				AC71EAA61CC08ECF00B101C2 /* NetworkManager.h */,
				AC71EAA71CC08ECF00B101C2 /* NetworkManager.m */,
				AC71EAA91CC08FCD00B101C2 /* NetworkFetcher.h */,
				AC71EAAA1CC08FCD00B101C2 /* NetworkFetcher.m */,
				AC71EAAF1CC090EC00B101C2 /* NetworkFetcher+User.h */,
				AC71EAB01CC090EC00B101C2 /* NetworkFetcher+User.m */,
			);
			path = Network;
			sourceTree = "<group>";
		};
		AC71EAB21CC0A57400B101C2 /* login */ = {
			isa = PBXGroup;
			children = (
				AC71EAB31CC0A59C00B101C2 /* LoginViewController.h */,
				ACF83EB41CBF97F800A962BD /* ViewController.h */,
				ACF83EB51CBF97F800A962BD /* ViewController.m */,
				ACF83EB71CBF97F800A962BD /* Login.storyboard */,
				AC71EAB41CC0A59C00B101C2 /* LoginViewController.m */,
			);
			path = login;
			sourceTree = "<group>";
		};
		AC71EAB61CC0A5B200B101C2 /* AppDelegate */ = {
			isa = PBXGroup;
			children = (
				ACF83EB11CBF97F800A962BD /* AppDelegate.h */,
				ACF83EB21CBF97F800A962BD /* AppDelegate.m */,
			);
			name = AppDelegate;
			path = appDelegate;
			sourceTree = "<group>";
		};
		ACF83EA21CBF97F800A962BD = {
			isa = PBXGroup;
			children = (
				ACF83EAD1CBF97F800A962BD /* Venus */,
				ACF83EAC1CBF97F800A962BD /* Products */,
				316E961895E367E514CC9FA4 /* Pods */,
				E1998CF8726CD7D47CA05772 /* Frameworks */,
			);
			sourceTree = "<group>";
		};
		ACF83EAC1CBF97F800A962BD /* Products */ = {
			isa = PBXGroup;
			children = (
				ACF83EAB1CBF97F800A962BD /* Venus.app */,
			);
			name = Products;
			sourceTree = "<group>";
		};
		ACF83EAD1CBF97F800A962BD /* Venus */ = {
			isa = PBXGroup;
			children = (
				ACF83ECA1CBF98D700A962BD /* PersistenceLayer */,
				ACF83EC91CBF98B500A962BD /* PresentationLayer */,
				ACF83EC81CBF989A00A962BD /* BusinessLogicLayer */,
				ACF83EAE1CBF97F800A962BD /* Supporting Files */,
			);
			path = Venus;
			sourceTree = "<group>";
		};
		ACF83EAE1CBF97F800A962BD /* Supporting Files */ = {
			isa = PBXGroup;
			children = (
				ACF83EBD1CBF97F800A962BD /* Assets.xcassets */,
				ACF83EBF1CBF97F800A962BD /* LaunchScreen.storyboard */,
				ACF83EC21CBF97F800A962BD /* Info.plist */,
				ACF83EAF1CBF97F800A962BD /* main.m */,
				3086D38F1CC728F0007494D7 /* PrefixHeader.pch */,
			);
			name = "Supporting Files";
			sourceTree = "<group>";
		};
		ACF83EC81CBF989A00A962BD /* BusinessLogicLayer */ = {
			isa = PBXGroup;
			children = (
				AC71EAA51CC08E8B00B101C2 /* Network */,
			);
			path = BusinessLogicLayer;
			sourceTree = "<group>";
		};
		ACF83EC91CBF98B500A962BD /* PresentationLayer */ = {
			isa = PBXGroup;
			children = (
				3086D3E51CC72B25007494D7 /* StoryBoard */,
				AC71EAB61CC0A5B200B101C2 /* AppDelegate */,
				AC71EAB21CC0A57400B101C2 /* login */,
				3086D3D81CC72ACB007494D7 /* HomePage */,
				3086D3C21CC72A92007494D7 /* Login */,
				3086D3BC1CC72A24007494D7 /* Register */,
				3086D3A91CC729D2007494D7 /* Others */,
				3086D3A81CC729BD007494D7 /* ThirdParty */,
			);
			path = PresentationLayer;
			sourceTree = "<group>";
		};
		ACF83ECA1CBF98D700A962BD /* PersistenceLayer */ = {
			isa = PBXGroup;
			children = (
				ACF83ECB1CBF99DB00A962BD /* CoreData */,
			);
			path = PersistenceLayer;
			sourceTree = "<group>";
		};
		ACF83ECB1CBF99DB00A962BD /* CoreData */ = {
			isa = PBXGroup;
			children = (
				ACF83EBA1CBF97F800A962BD /* Venus.xcdatamodeld */,
			);
			path = CoreData;
			sourceTree = "<group>";
		};
		E1998CF8726CD7D47CA05772 /* Frameworks */ = {
			isa = PBXGroup;
			children = (
				177D12BE652A285B1BDD4D47 /* libPods.a */,
			);
			name = Frameworks;
			sourceTree = "<group>";
		};
/* End PBXGroup section */

/* Begin PBXNativeTarget section */
		ACF83EAA1CBF97F800A962BD /* Venus */ = {
			isa = PBXNativeTarget;
			buildConfigurationList = ACF83EC51CBF97F800A962BD /* Build configuration list for PBXNativeTarget "Venus" */;
			buildPhases = (
				AEC41FBA2E6AFB17195A561A /* Check Pods Manifest.lock */,
				ACF83EA71CBF97F800A962BD /* Sources */,
				ACF83EA81CBF97F800A962BD /* Frameworks */,
				ACF83EA91CBF97F800A962BD /* Resources */,
				7B155C15DB1756F65496B20C /* Embed Pods Frameworks */,
				31DF6ED9FF3B1014876683E5 /* Copy Pods Resources */,
			);
			buildRules = (
			);
			dependencies = (
			);
			name = Venus;
			productName = Venus;
			productReference = ACF83EAB1CBF97F800A962BD /* Venus.app */;
			productType = "com.apple.product-type.application";
		};
/* End PBXNativeTarget section */

/* Begin PBXProject section */
		ACF83EA31CBF97F800A962BD /* Project object */ = {
			isa = PBXProject;
			attributes = {
				LastUpgradeCheck = 0730;
				ORGANIZATIONNAME = Neotel;
				TargetAttributes = {
					ACF83EAA1CBF97F800A962BD = {
						CreatedOnToolsVersion = 7.3;
					};
				};
			};
			buildConfigurationList = ACF83EA61CBF97F800A962BD /* Build configuration list for PBXProject "Venus" */;
			compatibilityVersion = "Xcode 3.2";
			developmentRegion = English;
			hasScannedForEncodings = 0;
			knownRegions = (
				en,
				Base,
			);
			mainGroup = ACF83EA21CBF97F800A962BD;
			productRefGroup = ACF83EAC1CBF97F800A962BD /* Products */;
			projectDirPath = "";
			projectRoot = "";
			targets = (
				ACF83EAA1CBF97F800A962BD /* Venus */,
			);
		};
/* End PBXProject section */

/* Begin PBXResourcesBuildPhase section */
		ACF83EA91CBF97F800A962BD /* Resources */ = {
			isa = PBXResourcesBuildPhase;
			buildActionMask = 2147483647;
			files = (
				30D6D2731CC87ACE00FB0CFC /* ico_make.png in Resources */,
				30D6D29A1CC8A3F700FB0CFC /* FoodOrderViewController.xib in Resources */,
				3086D3E31CC72B19007494D7 /* Life.storyboard in Resources */,
				303519451CCF0B0500EE0750 /* MoneyCell.xib in Resources */,
				3025A9901CCE3F2E00C5EAAB /* GroupPurchaseViewController.xib in Resources */,
				3086D3A61CC729A9007494D7 /* WXTextField.xib in Resources */,
				3086D3D51CC72ABC007494D7 /* HomeIntroduceCell.xib in Resources */,
				3035194A1CCF0D3000EE0750 /* MoneyCardViewController.xib in Resources */,
				30D6D28F1CC89C7100FB0CFC /* FoodCommitViewController.xib in Resources */,
				3086D3BB1CC72A1E007494D7 /* GMRegisterViewController.xib in Resources */,
				3086D3E01CC72B19007494D7 /* Home.storyboard in Resources */,
				30D6D27E1CC87AF500FB0CFC /* FoodViewController.xib in Resources */,
				ACF83EC11CBF97F800A962BD /* LaunchScreen.storyboard in Resources */,
				3086D3E41CC72B19007494D7 /* Me.storyboard in Resources */,
				30D6D2A41CC8B1BF00FB0CFC /* FoodContentCell.xib in Resources */,
				3025A9951CCE3FD700C5EAAB /* PackageViewController.xib in Resources */,
				30D6D29F1CC8A85B00FB0CFC /* FoodCategoryCell.xib in Resources */,
				30D6D2941CC89E6E00FB0CFC /* FoodCommitCell.xib in Resources */,
				3086D3C11CC72A8C007494D7 /* GMLoginViewController.xib in Resources */,
				3086D3E11CC72B19007494D7 /* Buy.storyboard in Resources */,
				30D6D28A1CC891B500FB0CFC /* FoodDetialViewController.xib in Resources */,
				3086D3DF1CC72B19007494D7 /* Main.storyboard in Resources */,
				3025A99A1CCE40D800C5EAAB /* PackageCell.xib in Resources */,
				3086D3AC1CC729EA007494D7 /* menuData.plist in Resources */,
				ACF83EBE1CBF97F800A962BD /* Assets.xcassets in Resources */,
				3086D3E21CC72B19007494D7 /* Category.storyboard in Resources */,
				ACF83EB91CBF97F800A962BD /* Login.storyboard in Resources */,
				3086D3D71CC72ABC007494D7 /* HomeCategoryCell.xib in Resources */,
				30D6D2801CC87AF500FB0CFC /* FoodCell.xib in Resources */,
				3086D3D31CC72ABC007494D7 /* HomeNewsCell.xib in Resources */,
			);
			runOnlyForDeploymentPostprocessing = 0;
		};
/* End PBXResourcesBuildPhase section */

/* Begin PBXShellScriptBuildPhase section */
		31DF6ED9FF3B1014876683E5 /* Copy Pods Resources */ = {
			isa = PBXShellScriptBuildPhase;
			buildActionMask = 2147483647;
			files = (
			);
			inputPaths = (
			);
			name = "Copy Pods Resources";
			outputPaths = (
			);
			runOnlyForDeploymentPostprocessing = 0;
			shellPath = /bin/sh;
			shellScript = "\"${SRCROOT}/Pods/Target Support Files/Pods/Pods-resources.sh\"\n";
			showEnvVarsInLog = 0;
		};
		7B155C15DB1756F65496B20C /* Embed Pods Frameworks */ = {
			isa = PBXShellScriptBuildPhase;
			buildActionMask = 2147483647;
			files = (
			);
			inputPaths = (
			);
			name = "Embed Pods Frameworks";
			outputPaths = (
			);
			runOnlyForDeploymentPostprocessing = 0;
			shellPath = /bin/sh;
			shellScript = "\"${SRCROOT}/Pods/Target Support Files/Pods/Pods-frameworks.sh\"\n";
			showEnvVarsInLog = 0;
		};
		AEC41FBA2E6AFB17195A561A /* Check Pods Manifest.lock */ = {
			isa = PBXShellScriptBuildPhase;
			buildActionMask = 2147483647;
			files = (
			);
			inputPaths = (
			);
			name = "Check Pods Manifest.lock";
			outputPaths = (
			);
			runOnlyForDeploymentPostprocessing = 0;
			shellPath = /bin/sh;
			shellScript = "diff \"${PODS_ROOT}/../Podfile.lock\" \"${PODS_ROOT}/Manifest.lock\" > /dev/null\nif [[ $? != 0 ]] ; then\n    cat << EOM\nerror: The sandbox is not in sync with the Podfile.lock. Run 'pod install' or update your CocoaPods installation.\nEOM\n    exit 1\nfi\n";
			showEnvVarsInLog = 0;
		};
/* End PBXShellScriptBuildPhase section */

/* Begin PBXSourcesBuildPhase section */
		ACF83EA71CBF97F800A962BD /* Sources */ = {
			isa = PBXSourcesBuildPhase;
			buildActionMask = 2147483647;
			files = (
				AC71EAAB1CC08FCD00B101C2 /* NetworkFetcher.m in Sources */,
				30D6D28E1CC89C7100FB0CFC /* FoodCommitViewController.m in Sources */,
				30D6D27D1CC87AF500FB0CFC /* FoodViewController.m in Sources */,
				AC71EAA81CC08ECF00B101C2 /* NetworkManager.m in Sources */,
				3086D39D1CC7298B007494D7 /* JZMTBtnView.m in Sources */,
				ACF83EB61CBF97F800A962BD /* ViewController.m in Sources */,
				3086D3D01CC72ABC007494D7 /* HomePageViewController.m in Sources */,
				3086D39A1CC72975007494D7 /* UILabel+LCConvenience.m in Sources */,
				3086D3B51CC72A09007494D7 /* GMLabel.m in Sources */,
				3025A98F1CCE3F2E00C5EAAB /* GroupPurchaseViewController.m in Sources */,
				3086D3C01CC72A8C007494D7 /* GMLoginViewController.m in Sources */,
				3086D3D41CC72ABC007494D7 /* HomeIntroduceCell.m in Sources */,
				3086D3A41CC729A9007494D7 /* GMTextField.m in Sources */,
				30D6D2851CC8917E00FB0CFC /* XFSegementView.m in Sources */,
				30D6D2741CC87ACE00FB0CFC /* JSDropDownMenu.m in Sources */,
				3086D3A51CC729A9007494D7 /* WXTextField.m in Sources */,
				3086D3B41CC72A09007494D7 /* GMButton.m in Sources */,
				303519441CCF0B0500EE0750 /* MoneyCell.m in Sources */,
				AC71EAB11CC090EC00B101C2 /* NetworkFetcher+User.m in Sources */,
				3086D3981CC72975007494D7 /* UIButton+LCAlignment.m in Sources */,
				AC71EAB51CC0A59C00B101C2 /* LoginViewController.m in Sources */,
				30D6D29E1CC8A85B00FB0CFC /* FoodCategoryCell.m in Sources */,
				30D6D2991CC8A3F700FB0CFC /* FoodOrderViewController.m in Sources */,
				3086D3991CC72975007494D7 /* UIColor+LCHexValue.m in Sources */,
				ACF83EB31CBF97F800A962BD /* AppDelegate.m in Sources */,
				3025A9991CCE40D800C5EAAB /* PackageCell.m in Sources */,
				3086D3D61CC72ABC007494D7 /* HomeCategoryCell.m in Sources */,
				3086D3B61CC72A09007494D7 /* GMXTextField.m in Sources */,
				30D6D27F1CC87AF500FB0CFC /* FoodCell.m in Sources */,
				3025A9941CCE3FD700C5EAAB /* PackageViewController.m in Sources */,
				3086D3BA1CC72A1E007494D7 /* GMRegisterViewController.m in Sources */,
				30D6D2A31CC8B1BF00FB0CFC /* FoodContentCell.m in Sources */,
				3086D3D21CC72ABC007494D7 /* HomeNewsCell.m in Sources */,
				30D6D2931CC89E6E00FB0CFC /* FoodCommitCell.m in Sources */,
				ACF83EB01CBF97F800A962BD /* main.m in Sources */,
				303519491CCF0D3000EE0750 /* MoneyCardViewController.m in Sources */,
				3086D3D11CC72ABC007494D7 /* HomeMenuCell.m in Sources */,
				30D6D2891CC891B500FB0CFC /* FoodDetialViewController.m in Sources */,
			);
			runOnlyForDeploymentPostprocessing = 0;
		};
/* End PBXSourcesBuildPhase section */

/* Begin PBXVariantGroup section */
		ACF83EB71CBF97F800A962BD /* Login.storyboard */ = {
			isa = PBXVariantGroup;
			children = (
				ACF83EB81CBF97F800A962BD /* Base */,
			);
			name = Login.storyboard;
			path = ../..;
			sourceTree = "<group>";
		};
		ACF83EBF1CBF97F800A962BD /* LaunchScreen.storyboard */ = {
			isa = PBXVariantGroup;
			children = (
				ACF83EC01CBF97F800A962BD /* Base */,
			);
			name = LaunchScreen.storyboard;
			sourceTree = "<group>";
		};
/* End PBXVariantGroup section */

/* Begin XCBuildConfiguration section */
		ACF83EC31CBF97F800A962BD /* Debug */ = {
			isa = XCBuildConfiguration;
			buildSettings = {
				ALWAYS_SEARCH_USER_PATHS = NO;
				CLANG_ANALYZER_NONNULL = YES;
				CLANG_CXX_LANGUAGE_STANDARD = "gnu++0x";
				CLANG_CXX_LIBRARY = "libc++";
				CLANG_ENABLE_MODULES = YES;
				CLANG_ENABLE_OBJC_ARC = YES;
				CLANG_WARN_BOOL_CONVERSION = YES;
				CLANG_WARN_CONSTANT_CONVERSION = YES;
				CLANG_WARN_DIRECT_OBJC_ISA_USAGE = YES_ERROR;
				CLANG_WARN_EMPTY_BODY = YES;
				CLANG_WARN_ENUM_CONVERSION = YES;
				CLANG_WARN_INT_CONVERSION = YES;
				CLANG_WARN_OBJC_ROOT_CLASS = YES_ERROR;
				CLANG_WARN_UNREACHABLE_CODE = YES;
				CLANG_WARN__DUPLICATE_METHOD_MATCH = YES;
				"CODE_SIGN_IDENTITY[sdk=iphoneos*]" = "iPhone Developer";
				COPY_PHASE_STRIP = NO;
				DEBUG_INFORMATION_FORMAT = dwarf;
				ENABLE_STRICT_OBJC_MSGSEND = YES;
				ENABLE_TESTABILITY = YES;
				GCC_C_LANGUAGE_STANDARD = gnu99;
				GCC_DYNAMIC_NO_PIC = NO;
				GCC_NO_COMMON_BLOCKS = YES;
				GCC_OPTIMIZATION_LEVEL = 0;
				GCC_PREPROCESSOR_DEFINITIONS = (
					"DEBUG=1",
					"$(inherited)",
				);
				GCC_WARN_64_TO_32_BIT_CONVERSION = YES;
				GCC_WARN_ABOUT_RETURN_TYPE = YES_ERROR;
				GCC_WARN_UNDECLARED_SELECTOR = YES;
				GCC_WARN_UNINITIALIZED_AUTOS = YES_AGGRESSIVE;
				GCC_WARN_UNUSED_FUNCTION = YES;
				GCC_WARN_UNUSED_VARIABLE = YES;
				IPHONEOS_DEPLOYMENT_TARGET = 9.3;
				MTL_ENABLE_DEBUG_INFO = YES;
				ONLY_ACTIVE_ARCH = YES;
				SDKROOT = iphoneos;
			};
			name = Debug;
		};
		ACF83EC41CBF97F800A962BD /* Release */ = {
			isa = XCBuildConfiguration;
			buildSettings = {
				ALWAYS_SEARCH_USER_PATHS = NO;
				CLANG_ANALYZER_NONNULL = YES;
				CLANG_CXX_LANGUAGE_STANDARD = "gnu++0x";
				CLANG_CXX_LIBRARY = "libc++";
				CLANG_ENABLE_MODULES = YES;
				CLANG_ENABLE_OBJC_ARC = YES;
				CLANG_WARN_BOOL_CONVERSION = YES;
				CLANG_WARN_CONSTANT_CONVERSION = YES;
				CLANG_WARN_DIRECT_OBJC_ISA_USAGE = YES_ERROR;
				CLANG_WARN_EMPTY_BODY = YES;
				CLANG_WARN_ENUM_CONVERSION = YES;
				CLANG_WARN_INT_CONVERSION = YES;
				CLANG_WARN_OBJC_ROOT_CLASS = YES_ERROR;
				CLANG_WARN_UNREACHABLE_CODE = YES;
				CLANG_WARN__DUPLICATE_METHOD_MATCH = YES;
				"CODE_SIGN_IDENTITY[sdk=iphoneos*]" = "iPhone Developer";
				COPY_PHASE_STRIP = NO;
				DEBUG_INFORMATION_FORMAT = "dwarf-with-dsym";
				ENABLE_NS_ASSERTIONS = NO;
				ENABLE_STRICT_OBJC_MSGSEND = YES;
				GCC_C_LANGUAGE_STANDARD = gnu99;
				GCC_NO_COMMON_BLOCKS = YES;
				GCC_WARN_64_TO_32_BIT_CONVERSION = YES;
				GCC_WARN_ABOUT_RETURN_TYPE = YES_ERROR;
				GCC_WARN_UNDECLARED_SELECTOR = YES;
				GCC_WARN_UNINITIALIZED_AUTOS = YES_AGGRESSIVE;
				GCC_WARN_UNUSED_FUNCTION = YES;
				GCC_WARN_UNUSED_VARIABLE = YES;
				IPHONEOS_DEPLOYMENT_TARGET = 9.3;
				MTL_ENABLE_DEBUG_INFO = NO;
				SDKROOT = iphoneos;
				VALIDATE_PRODUCT = YES;
			};
			name = Release;
		};
		ACF83EC61CBF97F800A962BD /* Debug */ = {
			isa = XCBuildConfiguration;
			baseConfigurationReference = 90BDB886ABAAAD5B9A260451 /* Pods.debug.xcconfig */;
			buildSettings = {
				ASSETCATALOG_COMPILER_APPICON_NAME = AppIcon;
				GCC_PREFIX_HEADER = Venus/PrefixHeader.pch;
				INFOPLIST_FILE = Venus/Info.plist;
				IPHONEOS_DEPLOYMENT_TARGET = 9.2;
				LD_RUNPATH_SEARCH_PATHS = "$(inherited) @executable_path/Frameworks";
				PRODUCT_BUNDLE_IDENTIFIER = com.neotel.Venus;
				PRODUCT_NAME = "$(TARGET_NAME)";
			};
			name = Debug;
		};
		ACF83EC71CBF97F800A962BD /* Release */ = {
			isa = XCBuildConfiguration;
			baseConfigurationReference = 7606BA04C8AD458BD6521D32 /* Pods.release.xcconfig */;
			buildSettings = {
				ASSETCATALOG_COMPILER_APPICON_NAME = AppIcon;
				GCC_PREFIX_HEADER = Venus/PrefixHeader.pch;
				INFOPLIST_FILE = Venus/Info.plist;
				IPHONEOS_DEPLOYMENT_TARGET = 9.2;
				LD_RUNPATH_SEARCH_PATHS = "$(inherited) @executable_path/Frameworks";
				PRODUCT_BUNDLE_IDENTIFIER = com.neotel.Venus;
				PRODUCT_NAME = "$(TARGET_NAME)";
			};
			name = Release;
		};
/* End XCBuildConfiguration section */

/* Begin XCConfigurationList section */
		ACF83EA61CBF97F800A962BD /* Build configuration list for PBXProject "Venus" */ = {
			isa = XCConfigurationList;
			buildConfigurations = (
				ACF83EC31CBF97F800A962BD /* Debug */,
				ACF83EC41CBF97F800A962BD /* Release */,
			);
			defaultConfigurationIsVisible = 0;
			defaultConfigurationName = Release;
		};
		ACF83EC51CBF97F800A962BD /* Build configuration list for PBXNativeTarget "Venus" */ = {
			isa = XCConfigurationList;
			buildConfigurations = (
				ACF83EC61CBF97F800A962BD /* Debug */,
				ACF83EC71CBF97F800A962BD /* Release */,
			);
			defaultConfigurationIsVisible = 0;
			defaultConfigurationName = Release;
		};
/* End XCConfigurationList section */

/* Begin XCVersionGroup section */
		ACF83EBA1CBF97F800A962BD /* Venus.xcdatamodeld */ = {
			isa = XCVersionGroup;
			children = (
				ACF83EBB1CBF97F800A962BD /* Venus.xcdatamodel */,
			);
			currentVersion = ACF83EBB1CBF97F800A962BD /* Venus.xcdatamodel */;
			name = Venus.xcdatamodeld;
			path = ../Venus.xcdatamodeld;
			sourceTree = "<group>";
			versionGroupType = wrapper.xcdatamodel;
		};
/* End XCVersionGroup section */
	};
	rootObject = ACF83EA31CBF97F800A962BD /* Project object */;
}
